{
  "name": "@srleecode/domain",
  "version": "13.2.3",
  "lockfileVersion": 2,
  "requires": true,
  "packages": {
    "": {
      "name": "@srleecode/domain",
      "version": "13.2.3",
      "engines": {
        "node": ">=16.0.0",
        "npm": ">=8.0.0",
        "yarn": ">=1.22.7"
      }
    }
  }
}
